
Microsoft Visual Studio Solution File, Format Version 12.00
# Visual Studio 15
VisualStudioVersion = 15.0.28307.902
MinimumVisualStudioVersion = 10.0.40219.1
Project("{FAE04EC0-301F-11D3-BF4B-00C04F79EFBC}") = "FizzBuzzApi", "FizzBuzzApi\FizzBuzzApi.csproj", "{8325CB58-1613-4540-81DF-C526BDD6037B}"
EndProject
Global
	GlobalSection(SolutionConfigurationPlatforms) = preSolution
		Debug|Any CPU = Debug|Any CPU
		Release|Any CPU = Release|Any CPU
	EndGlobalSection
	GlobalSection(ProjectConfigurationPlatforms) = postSolution
		{8325CB58-1613-4540-81DF-C526BDD6037B}.Debug|Any CPU.ActiveCfg = Debug|Any CPU
		{8325CB58-1613-4540-81DF-C526BDD6037B}.Debug|Any CPU.Build.0 = Debug|Any CPU
		{8325CB58-1613-4540-81DF-C526BDD6037B}.Release|Any CPU.ActiveCfg = Release|Any CPU
		{8325CB58-1613-4540-81DF-C526BDD6037B}.Release|Any CPU.Build.0 = Release|Any CPU
	EndGlobalSection
	GlobalSection(SolutionProperties) = preSolution
		HideSolutionNode = FALSE
	EndGlobalSection
	GlobalSection(ExtensibilityGlobals) = postSolution
		SolutionGuid = {C6574E5B-93DC-4B29-9152-48258BAC41F6}
	EndGlobalSection
EndGlobal
