
Microsoft Visual Studio Solution File, Format Version 12.00
# Visual Studio 15
VisualStudioVersion = 15.0.28307.902
MinimumVisualStudioVersion = 10.0.40219.1
Project("{9A19103F-16F7-4668-BE54-9A1E7A4F7556}") = "FizzBuzzApi", "FizzBuzzApi\FizzBuzzApi.csproj", "{8325CB58-1613-4540-81DF-C526BDD6037B}"
EndProject
Project("{9A19103F-16F7-4668-BE54-9A1E7A4F7556}") = "Services", "Services\Services.csproj", "{758C86DE-6774-4A46-810E-31F6DBB91368}"
EndProject
Project("{9A19103F-16F7-4668-BE54-9A1E7A4F7556}") = "IServices", "IServices\IServices.csproj", "{44C8EC1E-2F76-4993-90CC-F18E117B734F}"
EndProject
Project("{9A19103F-16F7-4668-BE54-9A1E7A4F7556}") = "Models", "Models\Models.csproj", "{A134F506-3D52-4BF4-A699-8CD8A95C7471}"
EndProject
Project("{FAE04EC0-301F-11D3-BF4B-00C04F79EFBC}") = "XUnitTestFizzBuzz", "XUnitTestFizzBuzz\XUnitTestFizzBuzz.csproj", "{08A0B478-09B3-4512-947E-84DF41BF4B5C}"
EndProject
Global
	GlobalSection(SolutionConfigurationPlatforms) = preSolution
		Debug|Any CPU = Debug|Any CPU
		Release|Any CPU = Release|Any CPU
	EndGlobalSection
	GlobalSection(ProjectConfigurationPlatforms) = postSolution
		{8325CB58-1613-4540-81DF-C526BDD6037B}.Debug|Any CPU.ActiveCfg = Debug|Any CPU
		{8325CB58-1613-4540-81DF-C526BDD6037B}.Debug|Any CPU.Build.0 = Debug|Any CPU
		{8325CB58-1613-4540-81DF-C526BDD6037B}.Release|Any CPU.ActiveCfg = Release|Any CPU
		{8325CB58-1613-4540-81DF-C526BDD6037B}.Release|Any CPU.Build.0 = Release|Any CPU
		{758C86DE-6774-4A46-810E-31F6DBB91368}.Debug|Any CPU.ActiveCfg = Debug|Any CPU
		{758C86DE-6774-4A46-810E-31F6DBB91368}.Debug|Any CPU.Build.0 = Debug|Any CPU
		{758C86DE-6774-4A46-810E-31F6DBB91368}.Release|Any CPU.ActiveCfg = Release|Any CPU
		{758C86DE-6774-4A46-810E-31F6DBB91368}.Release|Any CPU.Build.0 = Release|Any CPU
		{44C8EC1E-2F76-4993-90CC-F18E117B734F}.Debug|Any CPU.ActiveCfg = Debug|Any CPU
		{44C8EC1E-2F76-4993-90CC-F18E117B734F}.Debug|Any CPU.Build.0 = Debug|Any CPU
		{44C8EC1E-2F76-4993-90CC-F18E117B734F}.Release|Any CPU.ActiveCfg = Release|Any CPU
		{44C8EC1E-2F76-4993-90CC-F18E117B734F}.Release|Any CPU.Build.0 = Release|Any CPU
		{A134F506-3D52-4BF4-A699-8CD8A95C7471}.Debug|Any CPU.ActiveCfg = Debug|Any CPU
		{A134F506-3D52-4BF4-A699-8CD8A95C7471}.Debug|Any CPU.Build.0 = Debug|Any CPU
		{A134F506-3D52-4BF4-A699-8CD8A95C7471}.Release|Any CPU.ActiveCfg = Release|Any CPU
		{A134F506-3D52-4BF4-A699-8CD8A95C7471}.Release|Any CPU.Build.0 = Release|Any CPU
		{08A0B478-09B3-4512-947E-84DF41BF4B5C}.Debug|Any CPU.ActiveCfg = Debug|Any CPU
		{08A0B478-09B3-4512-947E-84DF41BF4B5C}.Debug|Any CPU.Build.0 = Debug|Any CPU
		{08A0B478-09B3-4512-947E-84DF41BF4B5C}.Release|Any CPU.ActiveCfg = Release|Any CPU
		{08A0B478-09B3-4512-947E-84DF41BF4B5C}.Release|Any CPU.Build.0 = Release|Any CPU
	EndGlobalSection
	GlobalSection(SolutionProperties) = preSolution
		HideSolutionNode = FALSE
	EndGlobalSection
	GlobalSection(ExtensibilityGlobals) = postSolution
		SolutionGuid = {C6574E5B-93DC-4B29-9152-48258BAC41F6}
	EndGlobalSection
EndGlobal
